// !$*UTF8*$!
{
	archiveVersion = 1;
	classes = {
	};
	objectVersion = 46;
	objects = {

/* Begin PBXBuildFile section */
		84C08F201BAFF3F600124336 /* ProximitySDK.m in Sources */ = {isa = PBXBuildFile; fileRef = 84C08F1F1BAFF3F600124336 /* ProximitySDK.m */; };
		84C08F211BAFF3F600124336 /* ProximitySDK.m in Sources */ = {isa = PBXBuildFile; fileRef = 84C08F1F1BAFF3F600124336 /* ProximitySDK.m */; };
		84C08F251BAFF5EF00124336 /* KeychainItemWrapper.m in Sources */ = {isa = PBXBuildFile; fileRef = 84C08F241BAFF5EF00124336 /* KeychainItemWrapper.m */; };
		84C08F261BAFF5EF00124336 /* KeychainItemWrapper.m in Sources */ = {isa = PBXBuildFile; fileRef = 84C08F241BAFF5EF00124336 /* KeychainItemWrapper.m */; };
		84C08F2D1BB011FD00124336 /* AdPopUpLaunchViewController.m in Sources */ = {isa = PBXBuildFile; fileRef = 84C08F281BB011FD00124336 /* AdPopUpLaunchViewController.m */; };
		84C08F2E1BB011FD00124336 /* AdPopUpLaunchViewController.m in Sources */ = {isa = PBXBuildFile; fileRef = 84C08F281BB011FD00124336 /* AdPopUpLaunchViewController.m */; };
		84C08F2F1BB011FD00124336 /* AdPopUpLaunchViewController.xib in Resources */ = {isa = PBXBuildFile; fileRef = 84C08F291BB011FD00124336 /* AdPopUpLaunchViewController.xib */; };
		84C08F301BB011FD00124336 /* AdPopUpLaunchViewController.xib in Resources */ = {isa = PBXBuildFile; fileRef = 84C08F291BB011FD00124336 /* AdPopUpLaunchViewController.xib */; };
		84C08F311BB011FD00124336 /* AdViewController.m in Sources */ = {isa = PBXBuildFile; fileRef = 84C08F2B1BB011FD00124336 /* AdViewController.m */; };
		84C08F321BB011FD00124336 /* AdViewController.m in Sources */ = {isa = PBXBuildFile; fileRef = 84C08F2B1BB011FD00124336 /* AdViewController.m */; };
		84C08F331BB011FD00124336 /* AdViewController.xib in Resources */ = {isa = PBXBuildFile; fileRef = 84C08F2C1BB011FD00124336 /* AdViewController.xib */; };
		84C08F341BB011FD00124336 /* AdViewController.xib in Resources */ = {isa = PBXBuildFile; fileRef = 84C08F2C1BB011FD00124336 /* AdViewController.xib */; };
		84C08F381BB0137800124336 /* SourceUrlViewController.m in Sources */ = {isa = PBXBuildFile; fileRef = 84C08F361BB0137800124336 /* SourceUrlViewController.m */; };
		84C08F391BB0137800124336 /* SourceUrlViewController.m in Sources */ = {isa = PBXBuildFile; fileRef = 84C08F361BB0137800124336 /* SourceUrlViewController.m */; };
		84C08F3A1BB0137800124336 /* SourceUrlViewController.xib in Resources */ = {isa = PBXBuildFile; fileRef = 84C08F371BB0137800124336 /* SourceUrlViewController.xib */; };
		84C08F3B1BB0137800124336 /* SourceUrlViewController.xib in Resources */ = {isa = PBXBuildFile; fileRef = 84C08F371BB0137800124336 /* SourceUrlViewController.xib */; };
		84C08F3F1BB01EBC00124336 /* icon_image@3x.png in Resources */ = {isa = PBXBuildFile; fileRef = 84C08F3C1BB01EBC00124336 /* icon_image@3x.png */; };
		84C08F401BB01EBC00124336 /* icon_image@3x.png in Resources */ = {isa = PBXBuildFile; fileRef = 84C08F3C1BB01EBC00124336 /* icon_image@3x.png */; };
		84C08F411BB01EBC00124336 /* icon_image@2x.png in Resources */ = {isa = PBXBuildFile; fileRef = 84C08F3D1BB01EBC00124336 /* icon_image@2x.png */; };
		84C08F421BB01EBC00124336 /* icon_image@2x.png in Resources */ = {isa = PBXBuildFile; fileRef = 84C08F3D1BB01EBC00124336 /* icon_image@2x.png */; };
		84C08F431BB01EBC00124336 /* icon_image.png in Resources */ = {isa = PBXBuildFile; fileRef = 84C08F3E1BB01EBC00124336 /* icon_image.png */; };
		84C08F441BB01EBC00124336 /* icon_image.png in Resources */ = {isa = PBXBuildFile; fileRef = 84C08F3E1BB01EBC00124336 /* icon_image.png */; };
		84DA05BE1B8ED94100DAEFE8 /* main.m in Sources */ = {isa = PBXBuildFile; fileRef = 84DA05BD1B8ED94100DAEFE8 /* main.m */; };
		84DA05C11B8ED94100DAEFE8 /* AppDelegate.m in Sources */ = {isa = PBXBuildFile; fileRef = 84DA05C01B8ED94100DAEFE8 /* AppDelegate.m */; };
		84DA05C41B8ED94100DAEFE8 /* Wifi.xcdatamodeld in Sources */ = {isa = PBXBuildFile; fileRef = 84DA05C21B8ED94100DAEFE8 /* Wifi.xcdatamodeld */; };
		84DA05C71B8ED94100DAEFE8 /* ViewController.m in Sources */ = {isa = PBXBuildFile; fileRef = 84DA05C61B8ED94100DAEFE8 /* ViewController.m */; };
		84DA05CA1B8ED94100DAEFE8 /* Main.storyboard in Resources */ = {isa = PBXBuildFile; fileRef = 84DA05C81B8ED94100DAEFE8 /* Main.storyboard */; };
		84DA05CC1B8ED94100DAEFE8 /* Images.xcassets in Resources */ = {isa = PBXBuildFile; fileRef = 84DA05CB1B8ED94100DAEFE8 /* Images.xcassets */; };
		84DA05CF1B8ED94100DAEFE8 /* LaunchScreen.xib in Resources */ = {isa = PBXBuildFile; fileRef = 84DA05CD1B8ED94100DAEFE8 /* LaunchScreen.xib */; };
		84DA05DB1B8ED94100DAEFE8 /* WifiTests.m in Sources */ = {isa = PBXBuildFile; fileRef = 84DA05DA1B8ED94100DAEFE8 /* WifiTests.m */; };
		84DA05E51B8EDAF600DAEFE8 /* SystemConfiguration.framework in Frameworks */ = {isa = PBXBuildFile; fileRef = 84DA05E41B8EDAF600DAEFE8 /* SystemConfiguration.framework */; };
		84DA05E71B8EDB3E00DAEFE8 /* UIKit.framework in Frameworks */ = {isa = PBXBuildFile; fileRef = 84DA05E61B8EDB3E00DAEFE8 /* UIKit.framework */; };
		84DA05E91B8EDB4500DAEFE8 /* Foundation.framework in Frameworks */ = {isa = PBXBuildFile; fileRef = 84DA05E81B8EDB4500DAEFE8 /* Foundation.framework */; };
		84DA05EB1B8EDB4E00DAEFE8 /* CoreGraphics.framework in Frameworks */ = {isa = PBXBuildFile; fileRef = 84DA05EA1B8EDB4E00DAEFE8 /* CoreGraphics.framework */; };
		84DA06231B996EFD00DAEFE8 /* Reachability.m in Sources */ = {isa = PBXBuildFile; fileRef = 84DA06221B996EFD00DAEFE8 /* Reachability.m */; };
		84DA06241B996EFD00DAEFE8 /* Reachability.m in Sources */ = {isa = PBXBuildFile; fileRef = 84DA06221B996EFD00DAEFE8 /* Reachability.m */; };
		84EBA8EB1BBD435A009EE737 /* NetworkExtension.framework in Frameworks */ = {isa = PBXBuildFile; fileRef = 84EBA8EA1BBD435A009EE737 /* NetworkExtension.framework */; };
/* End PBXBuildFile section */

/* Begin PBXContainerItemProxy section */
		84DA05D51B8ED94100DAEFE8 /* PBXContainerItemProxy */ = {
			isa = PBXContainerItemProxy;
			containerPortal = 84DA05B01B8ED94100DAEFE8 /* Project object */;
			proxyType = 1;
			remoteGlobalIDString = 84DA05B71B8ED94100DAEFE8;
			remoteInfo = Wifi;
		};
/* End PBXContainerItemProxy section */

/* Begin PBXFileReference section */
		84C08F1E1BAFF3F600124336 /* ProximitySDK.h */ = {isa = PBXFileReference; fileEncoding = 4; lastKnownFileType = sourcecode.c.h; path = ProximitySDK.h; sourceTree = "<group>"; };
		84C08F1F1BAFF3F600124336 /* ProximitySDK.m */ = {isa = PBXFileReference; fileEncoding = 4; lastKnownFileType = sourcecode.c.objc; path = ProximitySDK.m; sourceTree = "<group>"; };
		84C08F221BAFF55A00124336 /* Constants.h */ = {isa = PBXFileReference; fileEncoding = 4; lastKnownFileType = sourcecode.c.h; path = Constants.h; sourceTree = "<group>"; };
		84C08F231BAFF5EF00124336 /* KeychainItemWrapper.h */ = {isa = PBXFileReference; fileEncoding = 4; lastKnownFileType = sourcecode.c.h; path = KeychainItemWrapper.h; sourceTree = "<group>"; };
		84C08F241BAFF5EF00124336 /* KeychainItemWrapper.m */ = {isa = PBXFileReference; fileEncoding = 4; lastKnownFileType = sourcecode.c.objc; path = KeychainItemWrapper.m; sourceTree = "<group>"; };
		84C08F271BB011FD00124336 /* AdPopUpLaunchViewController.h */ = {isa = PBXFileReference; fileEncoding = 4; lastKnownFileType = sourcecode.c.h; path = AdPopUpLaunchViewController.h; sourceTree = "<group>"; };
		84C08F281BB011FD00124336 /* AdPopUpLaunchViewController.m */ = {isa = PBXFileReference; fileEncoding = 4; lastKnownFileType = sourcecode.c.objc; path = AdPopUpLaunchViewController.m; sourceTree = "<group>"; };
		84C08F291BB011FD00124336 /* AdPopUpLaunchViewController.xib */ = {isa = PBXFileReference; fileEncoding = 4; lastKnownFileType = file.xib; path = AdPopUpLaunchViewController.xib; sourceTree = "<group>"; };
		84C08F2A1BB011FD00124336 /* AdViewController.h */ = {isa = PBXFileReference; fileEncoding = 4; lastKnownFileType = sourcecode.c.h; path = AdViewController.h; sourceTree = "<group>"; };
		84C08F2B1BB011FD00124336 /* AdViewController.m */ = {isa = PBXFileReference; fileEncoding = 4; lastKnownFileType = sourcecode.c.objc; path = AdViewController.m; sourceTree = "<group>"; };
		84C08F2C1BB011FD00124336 /* AdViewController.xib */ = {isa = PBXFileReference; fileEncoding = 4; lastKnownFileType = file.xib; path = AdViewController.xib; sourceTree = "<group>"; };
		84C08F351BB0137800124336 /* SourceUrlViewController.h */ = {isa = PBXFileReference; fileEncoding = 4; lastKnownFileType = sourcecode.c.h; path = SourceUrlViewController.h; sourceTree = "<group>"; };
		84C08F361BB0137800124336 /* SourceUrlViewController.m */ = {isa = PBXFileReference; fileEncoding = 4; lastKnownFileType = sourcecode.c.objc; path = SourceUrlViewController.m; sourceTree = "<group>"; };
		84C08F371BB0137800124336 /* SourceUrlViewController.xib */ = {isa = PBXFileReference; fileEncoding = 4; lastKnownFileType = file.xib; path = SourceUrlViewController.xib; sourceTree = "<group>"; };
		84C08F3C1BB01EBC00124336 /* icon_image@3x.png */ = {isa = PBXFileReference; lastKnownFileType = image.png; path = "icon_image@3x.png"; sourceTree = "<group>"; };
		84C08F3D1BB01EBC00124336 /* icon_image@2x.png */ = {isa = PBXFileReference; lastKnownFileType = image.png; path = "icon_image@2x.png"; sourceTree = "<group>"; };
		84C08F3E1BB01EBC00124336 /* icon_image.png */ = {isa = PBXFileReference; lastKnownFileType = image.png; path = icon_image.png; sourceTree = "<group>"; };
		84DA05B81B8ED94100DAEFE8 /* Wifi.app */ = {isa = PBXFileReference; explicitFileType = wrapper.application; includeInIndex = 0; path = Wifi.app; sourceTree = BUILT_PRODUCTS_DIR; };
		84DA05BC1B8ED94100DAEFE8 /* Info.plist */ = {isa = PBXFileReference; lastKnownFileType = text.plist.xml; path = Info.plist; sourceTree = "<group>"; };
		84DA05BD1B8ED94100DAEFE8 /* main.m */ = {isa = PBXFileReference; lastKnownFileType = sourcecode.c.objc; path = main.m; sourceTree = "<group>"; };
		84DA05BF1B8ED94100DAEFE8 /* AppDelegate.h */ = {isa = PBXFileReference; lastKnownFileType = sourcecode.c.h; path = AppDelegate.h; sourceTree = "<group>"; };
		84DA05C01B8ED94100DAEFE8 /* AppDelegate.m */ = {isa = PBXFileReference; lastKnownFileType = sourcecode.c.objc; path = AppDelegate.m; sourceTree = "<group>"; };
		84DA05C31B8ED94100DAEFE8 /* Wifi.xcdatamodel */ = {isa = PBXFileReference; lastKnownFileType = wrapper.xcdatamodel; path = Wifi.xcdatamodel; sourceTree = "<group>"; };
		84DA05C51B8ED94100DAEFE8 /* ViewController.h */ = {isa = PBXFileReference; lastKnownFileType = sourcecode.c.h; path = ViewController.h; sourceTree = "<group>"; };
		84DA05C61B8ED94100DAEFE8 /* ViewController.m */ = {isa = PBXFileReference; lastKnownFileType = sourcecode.c.objc; path = ViewController.m; sourceTree = "<group>"; };
		84DA05C91B8ED94100DAEFE8 /* Base */ = {isa = PBXFileReference; lastKnownFileType = file.storyboard; name = Base; path = Base.lproj/Main.storyboard; sourceTree = "<group>"; };
		84DA05CB1B8ED94100DAEFE8 /* Images.xcassets */ = {isa = PBXFileReference; lastKnownFileType = folder.assetcatalog; path = Images.xcassets; sourceTree = "<group>"; };
		84DA05CE1B8ED94100DAEFE8 /* Base */ = {isa = PBXFileReference; lastKnownFileType = file.xib; name = Base; path = Base.lproj/LaunchScreen.xib; sourceTree = "<group>"; };
		84DA05D41B8ED94100DAEFE8 /* WifiTests.xctest */ = {isa = PBXFileReference; explicitFileType = wrapper.cfbundle; includeInIndex = 0; path = WifiTests.xctest; sourceTree = BUILT_PRODUCTS_DIR; };
		84DA05D91B8ED94100DAEFE8 /* Info.plist */ = {isa = PBXFileReference; lastKnownFileType = text.plist.xml; path = Info.plist; sourceTree = "<group>"; };
		84DA05DA1B8ED94100DAEFE8 /* WifiTests.m */ = {isa = PBXFileReference; lastKnownFileType = sourcecode.c.objc; path = WifiTests.m; sourceTree = "<group>"; };
		84DA05E41B8EDAF600DAEFE8 /* SystemConfiguration.framework */ = {isa = PBXFileReference; lastKnownFileType = wrapper.framework; name = SystemConfiguration.framework; path = System/Library/Frameworks/SystemConfiguration.framework; sourceTree = SDKROOT; };
		84DA05E61B8EDB3E00DAEFE8 /* UIKit.framework */ = {isa = PBXFileReference; lastKnownFileType = wrapper.framework; name = UIKit.framework; path = System/Library/Frameworks/UIKit.framework; sourceTree = SDKROOT; };
		84DA05E81B8EDB4500DAEFE8 /* Foundation.framework */ = {isa = PBXFileReference; lastKnownFileType = wrapper.framework; name = Foundation.framework; path = System/Library/Frameworks/Foundation.framework; sourceTree = SDKROOT; };
		84DA05EA1B8EDB4E00DAEFE8 /* CoreGraphics.framework */ = {isa = PBXFileReference; lastKnownFileType = wrapper.framework; name = CoreGraphics.framework; path = System/Library/Frameworks/CoreGraphics.framework; sourceTree = SDKROOT; };
		84DA06211B996EFD00DAEFE8 /* Reachability.h */ = {isa = PBXFileReference; fileEncoding = 4; lastKnownFileType = sourcecode.c.h; path = Reachability.h; sourceTree = "<group>"; };
		84DA06221B996EFD00DAEFE8 /* Reachability.m */ = {isa = PBXFileReference; fileEncoding = 4; lastKnownFileType = sourcecode.c.objc; path = Reachability.m; sourceTree = "<group>"; };
		84EBA8EA1BBD435A009EE737 /* NetworkExtension.framework */ = {isa = PBXFileReference; lastKnownFileType = wrapper.framework; name = NetworkExtension.framework; path = System/Library/Frameworks/NetworkExtension.framework; sourceTree = SDKROOT; };
/* End PBXFileReference section */

/* Begin PBXFrameworksBuildPhase section */
		84DA05B51B8ED94100DAEFE8 /* Frameworks */ = {
			isa = PBXFrameworksBuildPhase;
			buildActionMask = 2147483647;
			files = (
				84EBA8EB1BBD435A009EE737 /* NetworkExtension.framework in Frameworks */,
				84DA05EB1B8EDB4E00DAEFE8 /* CoreGraphics.framework in Frameworks */,
				84DA05E91B8EDB4500DAEFE8 /* Foundation.framework in Frameworks */,
				84DA05E71B8EDB3E00DAEFE8 /* UIKit.framework in Frameworks */,
				84DA05E51B8EDAF600DAEFE8 /* SystemConfiguration.framework in Frameworks */,
			);
			runOnlyForDeploymentPostprocessing = 0;
		};
		84DA05D11B8ED94100DAEFE8 /* Frameworks */ = {
			isa = PBXFrameworksBuildPhase;
			buildActionMask = 2147483647;
			files = (
			);
			runOnlyForDeploymentPostprocessing = 0;
		};
/* End PBXFrameworksBuildPhase section */

/* Begin PBXGroup section */
		84DA05AF1B8ED94100DAEFE8 = {
			isa = PBXGroup;
			children = (
				84EBA8EA1BBD435A009EE737 /* NetworkExtension.framework */,
				84DA05EA1B8EDB4E00DAEFE8 /* CoreGraphics.framework */,
				84DA05E81B8EDB4500DAEFE8 /* Foundation.framework */,
				84DA05E61B8EDB3E00DAEFE8 /* UIKit.framework */,
				84DA05E41B8EDAF600DAEFE8 /* SystemConfiguration.framework */,
				84DA05BA1B8ED94100DAEFE8 /* Wifi */,
				84DA05D71B8ED94100DAEFE8 /* WifiTests */,
				84DA05B91B8ED94100DAEFE8 /* Products */,
			);
			sourceTree = "<group>";
		};
		84DA05B91B8ED94100DAEFE8 /* Products */ = {
			isa = PBXGroup;
			children = (
				84DA05B81B8ED94100DAEFE8 /* Wifi.app */,
				84DA05D41B8ED94100DAEFE8 /* WifiTests.xctest */,
			);
			name = Products;
			sourceTree = "<group>";
		};
		84DA05BA1B8ED94100DAEFE8 /* Wifi */ = {
			isa = PBXGroup;
			children = (
				84DA05BF1B8ED94100DAEFE8 /* AppDelegate.h */,
				84DA05C01B8ED94100DAEFE8 /* AppDelegate.m */,
				84DA05C51B8ED94100DAEFE8 /* ViewController.h */,
				84DA05C61B8ED94100DAEFE8 /* ViewController.m */,
				84C08F271BB011FD00124336 /* AdPopUpLaunchViewController.h */,
				84C08F281BB011FD00124336 /* AdPopUpLaunchViewController.m */,
				84C08F291BB011FD00124336 /* AdPopUpLaunchViewController.xib */,
				84C08F2A1BB011FD00124336 /* AdViewController.h */,
				84C08F2B1BB011FD00124336 /* AdViewController.m */,
				84C08F2C1BB011FD00124336 /* AdViewController.xib */,
				84C08F351BB0137800124336 /* SourceUrlViewController.h */,
				84C08F361BB0137800124336 /* SourceUrlViewController.m */,
				84C08F371BB0137800124336 /* SourceUrlViewController.xib */,
				84DA06211B996EFD00DAEFE8 /* Reachability.h */,
				84DA06221B996EFD00DAEFE8 /* Reachability.m */,
				84C08F1E1BAFF3F600124336 /* ProximitySDK.h */,
				84C08F1F1BAFF3F600124336 /* ProximitySDK.m */,
				84C08F221BAFF55A00124336 /* Constants.h */,
				84C08F231BAFF5EF00124336 /* KeychainItemWrapper.h */,
				84C08F241BAFF5EF00124336 /* KeychainItemWrapper.m */,
				84DA05C81B8ED94100DAEFE8 /* Main.storyboard */,
				84DA05CB1B8ED94100DAEFE8 /* Images.xcassets */,
				84DA05CD1B8ED94100DAEFE8 /* LaunchScreen.xib */,
				84DA05C21B8ED94100DAEFE8 /* Wifi.xcdatamodeld */,
				84DA05BB1B8ED94100DAEFE8 /* Supporting Files */,
			);
			path = Wifi;
			sourceTree = "<group>";
		};
		84DA05BB1B8ED94100DAEFE8 /* Supporting Files */ = {
			isa = PBXGroup;
			children = (
				84C08F3C1BB01EBC00124336 /* icon_image@3x.png */,
				84C08F3D1BB01EBC00124336 /* icon_image@2x.png */,
				84C08F3E1BB01EBC00124336 /* icon_image.png */,
				84DA05BC1B8ED94100DAEFE8 /* Info.plist */,
				84DA05BD1B8ED94100DAEFE8 /* main.m */,
			);
			name = "Supporting Files";
			sourceTree = "<group>";
		};
		84DA05D71B8ED94100DAEFE8 /* WifiTests */ = {
			isa = PBXGroup;
			children = (
				84DA05DA1B8ED94100DAEFE8 /* WifiTests.m */,
				84DA05D81B8ED94100DAEFE8 /* Supporting Files */,
			);
			path = WifiTests;
			sourceTree = "<group>";
		};
		84DA05D81B8ED94100DAEFE8 /* Supporting Files */ = {
			isa = PBXGroup;
			children = (
				84DA05D91B8ED94100DAEFE8 /* Info.plist */,
			);
			name = "Supporting Files";
			sourceTree = "<group>";
		};
/* End PBXGroup section */

/* Begin PBXNativeTarget section */
		84DA05B71B8ED94100DAEFE8 /* Wifi */ = {
			isa = PBXNativeTarget;
			buildConfigurationList = 84DA05DE1B8ED94100DAEFE8 /* Build configuration list for PBXNativeTarget "Wifi" */;
			buildPhases = (
				84DA05B41B8ED94100DAEFE8 /* Sources */,
				84DA05B51B8ED94100DAEFE8 /* Frameworks */,
				84DA05B61B8ED94100DAEFE8 /* Resources */,
			);
			buildRules = (
			);
			dependencies = (
			);
			name = Wifi;
			productName = Wifi;
			productReference = 84DA05B81B8ED94100DAEFE8 /* Wifi.app */;
			productType = "com.apple.product-type.application";
		};
		84DA05D31B8ED94100DAEFE8 /* WifiTests */ = {
			isa = PBXNativeTarget;
			buildConfigurationList = 84DA05E11B8ED94100DAEFE8 /* Build configuration list for PBXNativeTarget "WifiTests" */;
			buildPhases = (
				84DA05D01B8ED94100DAEFE8 /* Sources */,
				84DA05D11B8ED94100DAEFE8 /* Frameworks */,
				84DA05D21B8ED94100DAEFE8 /* Resources */,
			);
			buildRules = (
			);
			dependencies = (
				84DA05D61B8ED94100DAEFE8 /* PBXTargetDependency */,
			);
			name = WifiTests;
			productName = WifiTests;
			productReference = 84DA05D41B8ED94100DAEFE8 /* WifiTests.xctest */;
			productType = "com.apple.product-type.bundle.unit-test";
		};
/* End PBXNativeTarget section */

/* Begin PBXProject section */
		84DA05B01B8ED94100DAEFE8 /* Project object */ = {
			isa = PBXProject;
			attributes = {
				LastUpgradeCheck = 0630;
				ORGANIZATIONNAME = admin;
				TargetAttributes = {
					84DA05B71B8ED94100DAEFE8 = {
						CreatedOnToolsVersion = 6.3;
						DevelopmentTeam = MZ5V2FMRJT;
					};
					84DA05D31B8ED94100DAEFE8 = {
						CreatedOnToolsVersion = 6.3;
						DevelopmentTeam = C54YW6LJTD;
						TestTargetID = 84DA05B71B8ED94100DAEFE8;
					};
				};
			};
			buildConfigurationList = 84DA05B31B8ED94100DAEFE8 /* Build configuration list for PBXProject "Wifi" */;
			compatibilityVersion = "Xcode 3.2";
			developmentRegion = English;
			hasScannedForEncodings = 0;
			knownRegions = (
				en,
				Base,
			);
			mainGroup = 84DA05AF1B8ED94100DAEFE8;
			productRefGroup = 84DA05B91B8ED94100DAEFE8 /* Products */;
			projectDirPath = "";
			projectRoot = "";
			targets = (
				84DA05B71B8ED94100DAEFE8 /* Wifi */,
				84DA05D31B8ED94100DAEFE8 /* WifiTests */,
			);
		};
/* End PBXProject section */

/* Begin PBXResourcesBuildPhase section */
		84DA05B61B8ED94100DAEFE8 /* Resources */ = {
			isa = PBXResourcesBuildPhase;
			buildActionMask = 2147483647;
			files = (
				84DA05CA1B8ED94100DAEFE8 /* Main.storyboard in Resources */,
				84C08F411BB01EBC00124336 /* icon_image@2x.png in Resources */,
				84DA05CF1B8ED94100DAEFE8 /* LaunchScreen.xib in Resources */,
				84C08F331BB011FD00124336 /* AdViewController.xib in Resources */,
				84C08F3F1BB01EBC00124336 /* icon_image@3x.png in Resources */,
				84DA05CC1B8ED94100DAEFE8 /* Images.xcassets in Resources */,
				84C08F431BB01EBC00124336 /* icon_image.png in Resources */,
				84C08F2F1BB011FD00124336 /* AdPopUpLaunchViewController.xib in Resources */,
				84C08F3A1BB0137800124336 /* SourceUrlViewController.xib in Resources */,
			);
			runOnlyForDeploymentPostprocessing = 0;
		};
		84DA05D21B8ED94100DAEFE8 /* Resources */ = {
			isa = PBXResourcesBuildPhase;
			buildActionMask = 2147483647;
			files = (
				84C08F441BB01EBC00124336 /* icon_image.png in Resources */,
				84C08F301BB011FD00124336 /* AdPopUpLaunchViewController.xib in Resources */,
				84C08F341BB011FD00124336 /* AdViewController.xib in Resources */,
				84C08F421BB01EBC00124336 /* icon_image@2x.png in Resources */,
				84C08F401BB01EBC00124336 /* icon_image@3x.png in Resources */,
				84C08F3B1BB0137800124336 /* SourceUrlViewController.xib in Resources */,
			);
			runOnlyForDeploymentPostprocessing = 0;
		};
/* End PBXResourcesBuildPhase section */

/* Begin PBXSourcesBuildPhase section */
		84DA05B41B8ED94100DAEFE8 /* Sources */ = {
			isa = PBXSourcesBuildPhase;
			buildActionMask = 2147483647;
			files = (
				84DA05C41B8ED94100DAEFE8 /* Wifi.xcdatamodeld in Sources */,
				84DA05C11B8ED94100DAEFE8 /* AppDelegate.m in Sources */,
				84C08F201BAFF3F600124336 /* ProximitySDK.m in Sources */,
				84C08F2D1BB011FD00124336 /* AdPopUpLaunchViewController.m in Sources */,
				84DA05C71B8ED94100DAEFE8 /* ViewController.m in Sources */,
				84C08F381BB0137800124336 /* SourceUrlViewController.m in Sources */,
				84DA05BE1B8ED94100DAEFE8 /* main.m in Sources */,
				84C08F311BB011FD00124336 /* AdViewController.m in Sources */,
				84DA06231B996EFD00DAEFE8 /* Reachability.m in Sources */,
				84C08F251BAFF5EF00124336 /* KeychainItemWrapper.m in Sources */,
			);
			runOnlyForDeploymentPostprocessing = 0;
		};
		84DA05D01B8ED94100DAEFE8 /* Sources */ = {
			isa = PBXSourcesBuildPhase;
			buildActionMask = 2147483647;
			files = (
				84C08F261BAFF5EF00124336 /* KeychainItemWrapper.m in Sources */,
				84DA06241B996EFD00DAEFE8 /* Reachability.m in Sources */,
				84C08F2E1BB011FD00124336 /* AdPopUpLaunchViewController.m in Sources */,
				84C08F321BB011FD00124336 /* AdViewController.m in Sources */,
				84C08F391BB0137800124336 /* SourceUrlViewController.m in Sources */,
				84DA05DB1B8ED94100DAEFE8 /* WifiTests.m in Sources */,
				84C08F211BAFF3F600124336 /* ProximitySDK.m in Sources */,
			);
			runOnlyForDeploymentPostprocessing = 0;
		};
/* End PBXSourcesBuildPhase section */

/* Begin PBXTargetDependency section */
		84DA05D61B8ED94100DAEFE8 /* PBXTargetDependency */ = {
			isa = PBXTargetDependency;
			target = 84DA05B71B8ED94100DAEFE8 /* Wifi */;
			targetProxy = 84DA05D51B8ED94100DAEFE8 /* PBXContainerItemProxy */;
		};
/* End PBXTargetDependency section */

/* Begin PBXVariantGroup section */
		84DA05C81B8ED94100DAEFE8 /* Main.storyboard */ = {
			isa = PBXVariantGroup;
			children = (
				84DA05C91B8ED94100DAEFE8 /* Base */,
			);
			name = Main.storyboard;
			sourceTree = "<group>";
		};
		84DA05CD1B8ED94100DAEFE8 /* LaunchScreen.xib */ = {
			isa = PBXVariantGroup;
			children = (
				84DA05CE1B8ED94100DAEFE8 /* Base */,
			);
			name = LaunchScreen.xib;
			sourceTree = "<group>";
		};
/* End PBXVariantGroup section */

/* Begin XCBuildConfiguration section */
		84DA05DC1B8ED94100DAEFE8 /* Debug */ = {
			isa = XCBuildConfiguration;
			buildSettings = {
				ALWAYS_SEARCH_USER_PATHS = NO;
				CLANG_CXX_LANGUAGE_STANDARD = "gnu++0x";
				CLANG_CXX_LIBRARY = "libc++";
				CLANG_ENABLE_MODULES = YES;
				CLANG_ENABLE_OBJC_ARC = YES;
				CLANG_WARN_BOOL_CONVERSION = YES;
				CLANG_WARN_CONSTANT_CONVERSION = YES;
				CLANG_WARN_DIRECT_OBJC_ISA_USAGE = YES_ERROR;
				CLANG_WARN_EMPTY_BODY = YES;
				CLANG_WARN_ENUM_CONVERSION = YES;
				CLANG_WARN_INT_CONVERSION = YES;
				CLANG_WARN_OBJC_ROOT_CLASS = YES_ERROR;
				CLANG_WARN_UNREACHABLE_CODE = YES;
				CLANG_WARN__DUPLICATE_METHOD_MATCH = YES;
				CODE_SIGN_IDENTITY = "iPhone Developer: Michael Connelly (LYRQLZEJ7W)";
				"CODE_SIGN_IDENTITY[sdk=iphoneos*]" = "iPhone Developer: Michael Connelly (LYRQLZEJ7W)";
				COPY_PHASE_STRIP = NO;
				DEBUG_INFORMATION_FORMAT = "dwarf-with-dsym";
				ENABLE_STRICT_OBJC_MSGSEND = YES;
				GCC_C_LANGUAGE_STANDARD = gnu99;
				GCC_DYNAMIC_NO_PIC = NO;
				GCC_NO_COMMON_BLOCKS = YES;
				GCC_OPTIMIZATION_LEVEL = 0;
				GCC_PREPROCESSOR_DEFINITIONS = (
					"DEBUG=1",
					"$(inherited)",
				);
				GCC_SYMBOLS_PRIVATE_EXTERN = NO;
				GCC_WARN_64_TO_32_BIT_CONVERSION = YES;
				GCC_WARN_ABOUT_RETURN_TYPE = YES_ERROR;
				GCC_WARN_UNDECLARED_SELECTOR = YES;
				GCC_WARN_UNINITIALIZED_AUTOS = YES_AGGRESSIVE;
				GCC_WARN_UNUSED_FUNCTION = YES;
				GCC_WARN_UNUSED_VARIABLE = YES;
				IPHONEOS_DEPLOYMENT_TARGET = 8.3;
				MTL_ENABLE_DEBUG_INFO = YES;
				ONLY_ACTIVE_ARCH = YES;
				PROVISIONING_PROFILE = "2ff0c46e-1eea-405e-8af8-0bba9c8ef0a7";
				SDKROOT = iphoneos;
				TARGETED_DEVICE_FAMILY = "1,2";
			};
			name = Debug;
		};
		84DA05DD1B8ED94100DAEFE8 /* Release */ = {
			isa = XCBuildConfiguration;
			buildSettings = {
				ALWAYS_SEARCH_USER_PATHS = NO;
				CLANG_CXX_LANGUAGE_STANDARD = "gnu++0x";
				CLANG_CXX_LIBRARY = "libc++";
				CLANG_ENABLE_MODULES = YES;
				CLANG_ENABLE_OBJC_ARC = YES;
				CLANG_WARN_BOOL_CONVERSION = YES;
				CLANG_WARN_CONSTANT_CONVERSION = YES;
				CLANG_WARN_DIRECT_OBJC_ISA_USAGE = YES_ERROR;
				CLANG_WARN_EMPTY_BODY = YES;
				CLANG_WARN_ENUM_CONVERSION = YES;
				CLANG_WARN_INT_CONVERSION = YES;
				CLANG_WARN_OBJC_ROOT_CLASS = YES_ERROR;
				CLANG_WARN_UNREACHABLE_CODE = YES;
				CLANG_WARN__DUPLICATE_METHOD_MATCH = YES;
				CODE_SIGN_IDENTITY = "iPhone Developer: Michael Connelly (LYRQLZEJ7W)";
				"CODE_SIGN_IDENTITY[sdk=iphoneos*]" = "iPhone Developer: Michael Connelly (LYRQLZEJ7W)";
				COPY_PHASE_STRIP = NO;
				DEBUG_INFORMATION_FORMAT = "dwarf-with-dsym";
				ENABLE_NS_ASSERTIONS = NO;
				ENABLE_STRICT_OBJC_MSGSEND = YES;
				GCC_C_LANGUAGE_STANDARD = gnu99;
				GCC_NO_COMMON_BLOCKS = YES;
				GCC_WARN_64_TO_32_BIT_CONVERSION = YES;
				GCC_WARN_ABOUT_RETURN_TYPE = YES_ERROR;
				GCC_WARN_UNDECLARED_SELECTOR = YES;
				GCC_WARN_UNINITIALIZED_AUTOS = YES_AGGRESSIVE;
				GCC_WARN_UNUSED_FUNCTION = YES;
				GCC_WARN_UNUSED_VARIABLE = YES;
				IPHONEOS_DEPLOYMENT_TARGET = 8.3;
				MTL_ENABLE_DEBUG_INFO = NO;
				PROVISIONING_PROFILE = "2ff0c46e-1eea-405e-8af8-0bba9c8ef0a7";
				SDKROOT = iphoneos;
				TARGETED_DEVICE_FAMILY = "1,2";
				VALIDATE_PRODUCT = YES;
			};
			name = Release;
		};
		84DA05DF1B8ED94100DAEFE8 /* Debug */ = {
			isa = XCBuildConfiguration;
			buildSettings = {
				ASSETCATALOG_COMPILER_APPICON_NAME = AppIcon;
				CODE_SIGN_IDENTITY = "iPhone Developer";
				"CODE_SIGN_IDENTITY[sdk=iphoneos*]" = "iPhone Developer";
				INFOPLIST_FILE = Wifi/Info.plist;
				IPHONEOS_DEPLOYMENT_TARGET = 6.0;
				LD_RUNPATH_SEARCH_PATHS = "$(inherited) @executable_path/Frameworks";
				PRODUCT_BUNDLE_IDENTIFIER = com.infosys.Campaign;
				PRODUCT_NAME = "$(TARGET_NAME)";
				PROVISIONING_PROFILE = "";
			};
			name = Debug;
		};
		84DA05E01B8ED94100DAEFE8 /* Release */ = {
			isa = XCBuildConfiguration;
			buildSettings = {
				ASSETCATALOG_COMPILER_APPICON_NAME = AppIcon;
				CODE_SIGN_IDENTITY = "iPhone Developer";
				"CODE_SIGN_IDENTITY[sdk=iphoneos*]" = "iPhone Developer";
				INFOPLIST_FILE = Wifi/Info.plist;
				IPHONEOS_DEPLOYMENT_TARGET = 6.0;
				LD_RUNPATH_SEARCH_PATHS = "$(inherited) @executable_path/Frameworks";
				PRODUCT_BUNDLE_IDENTIFIER = com.infosys.Campaign;
				PRODUCT_NAME = "$(TARGET_NAME)";
				PROVISIONING_PROFILE = "";
			};
			name = Release;
		};
		84DA05E21B8ED94100DAEFE8 /* Debug */ = {
			isa = XCBuildConfiguration;
			buildSettings = {
				BUNDLE_LOADER = "$(TEST_HOST)";
				CODE_SIGN_IDENTITY = "iPhone Developer";
				"CODE_SIGN_IDENTITY[sdk=iphoneos*]" = "iPhone Developer";
				FRAMEWORK_SEARCH_PATHS = (
					"$(SDKROOT)/Developer/Library/Frameworks",
					"$(inherited)",
				);
				GCC_PREPROCESSOR_DEFINITIONS = (
					"DEBUG=1",
					"$(inherited)",
				);
				INFOPLIST_FILE = WifiTests/Info.plist;
				LD_RUNPATH_SEARCH_PATHS = "$(inherited) @executable_path/Frameworks @loader_path/Frameworks";
				PRODUCT_NAME = "$(TARGET_NAME)";
				PROVISIONING_PROFILE = "";
				TEST_HOST = "$(BUILT_PRODUCTS_DIR)/Wifi.app/Wifi";
			};
			name = Debug;
		};
		84DA05E31B8ED94100DAEFE8 /* Release */ = {
			isa = XCBuildConfiguration;
			buildSettings = {
				BUNDLE_LOADER = "$(TEST_HOST)";
				CODE_SIGN_IDENTITY = "iPhone Developer";
				"CODE_SIGN_IDENTITY[sdk=iphoneos*]" = "iPhone Developer";
				FRAMEWORK_SEARCH_PATHS = (
					"$(SDKROOT)/Developer/Library/Frameworks",
					"$(inherited)",
				);
				INFOPLIST_FILE = WifiTests/Info.plist;
				LD_RUNPATH_SEARCH_PATHS = "$(inherited) @executable_path/Frameworks @loader_path/Frameworks";
				PRODUCT_NAME = "$(TARGET_NAME)";
				PROVISIONING_PROFILE = "";
				TEST_HOST = "$(BUILT_PRODUCTS_DIR)/Wifi.app/Wifi";
			};
			name = Release;
		};
/* End XCBuildConfiguration section */

/* Begin XCConfigurationList section */
		84DA05B31B8ED94100DAEFE8 /* Build configuration list for PBXProject "Wifi" */ = {
			isa = XCConfigurationList;
			buildConfigurations = (
				84DA05DC1B8ED94100DAEFE8 /* Debug */,
				84DA05DD1B8ED94100DAEFE8 /* Release */,
			);
			defaultConfigurationIsVisible = 0;
			defaultConfigurationName = Release;
		};
		84DA05DE1B8ED94100DAEFE8 /* Build configuration list for PBXNativeTarget "Wifi" */ = {
			isa = XCConfigurationList;
			buildConfigurations = (
				84DA05DF1B8ED94100DAEFE8 /* Debug */,
				84DA05E01B8ED94100DAEFE8 /* Release */,
			);
			defaultConfigurationIsVisible = 0;
			defaultConfigurationName = Release;
		};
		84DA05E11B8ED94100DAEFE8 /* Build configuration list for PBXNativeTarget "WifiTests" */ = {
			isa = XCConfigurationList;
			buildConfigurations = (
				84DA05E21B8ED94100DAEFE8 /* Debug */,
				84DA05E31B8ED94100DAEFE8 /* Release */,
			);
			defaultConfigurationIsVisible = 0;
			defaultConfigurationName = Release;
		};
/* End XCConfigurationList section */

/* Begin XCVersionGroup section */
		84DA05C21B8ED94100DAEFE8 /* Wifi.xcdatamodeld */ = {
			isa = XCVersionGroup;
			children = (
				84DA05C31B8ED94100DAEFE8 /* Wifi.xcdatamodel */,
			);
			currentVersion = 84DA05C31B8ED94100DAEFE8 /* Wifi.xcdatamodel */;
			path = Wifi.xcdatamodeld;
			sourceTree = "<group>";
			versionGroupType = wrapper.xcdatamodel;
		};
/* End XCVersionGroup section */
	};
	rootObject = 84DA05B01B8ED94100DAEFE8 /* Project object */;
}
